// !$*UTF8*$!
{
	archiveVersion = 1;
	classes = {
	};
	objectVersion = 77;
	objects = {

/* Begin PBXBuildFile section */
		96A10BC42E4EEB60005D1DC3 /* SmartFlowWatchApp Watch App.app in Embed Watch Content */ = {isa = PBXBuildFile; fileRef = 96A10BC32E4EEB60005D1DC3 /* SmartFlowWatchApp Watch App.app */; settings = {ATTRIBUTES = (RemoveHeadersOnCopy, ); }; };
/* End PBXBuildFile section */

/* Begin PBXContainerItemProxy section */
		96A10B8C2E4ECDC3005D1DC3 /* PBXContainerItemProxy */ = {
			isa = PBXContainerItemProxy;
			containerPortal = 96A10B762E4ECDC1005D1DC3 /* Project object */;
			proxyType = 1;
			remoteGlobalIDString = 96A10B7D2E4ECDC1005D1DC3;
			remoteInfo = SmartFlow;
		};
		96A10B962E4ECDC3005D1DC3 /* PBXContainerItemProxy */ = {
			isa = PBXContainerItemProxy;
			containerPortal = 96A10B762E4ECDC1005D1DC3 /* Project object */;
			proxyType = 1;
			remoteGlobalIDString = 96A10B7D2E4ECDC1005D1DC3;
			remoteInfo = SmartFlow;
		};
		96A10BC52E4EEB60005D1DC3 /* PBXContainerItemProxy */ = {
			isa = PBXContainerItemProxy;
			containerPortal = 96A10B762E4ECDC1005D1DC3 /* Project object */;
			proxyType = 1;
			remoteGlobalIDString = 96A10BC22E4EEB60005D1DC3;
			remoteInfo = "SmartFlowWatchApp Watch App";
		};
		96A10BD32E4EEB61005D1DC3 /* PBXContainerItemProxy */ = {
			isa = PBXContainerItemProxy;
			containerPortal = 96A10B762E4ECDC1005D1DC3 /* Project object */;
			proxyType = 1;
			remoteGlobalIDString = 96A10BC22E4EEB60005D1DC3;
			remoteInfo = "SmartFlowWatchApp Watch App";
		};
		96A10BDD2E4EEB61005D1DC3 /* PBXContainerItemProxy */ = {
			isa = PBXContainerItemProxy;
			containerPortal = 96A10B762E4ECDC1005D1DC3 /* Project object */;
			proxyType = 1;
			remoteGlobalIDString = 96A10BC22E4EEB60005D1DC3;
			remoteInfo = "SmartFlowWatchApp Watch App";
		};
/* End PBXContainerItemProxy section */

/* Begin PBXCopyFilesBuildPhase section */
		96A10BE72E4EEB61005D1DC3 /* Embed Watch Content */ = {
			isa = PBXCopyFilesBuildPhase;
			buildActionMask = 2147483647;
			dstPath = "$(CONTENTS_FOLDER_PATH)/Watch";
			dstSubfolderSpec = 16;
			files = (
				96A10BC42E4EEB60005D1DC3 /* SmartFlowWatchApp Watch App.app in Embed Watch Content */,
			);
			name = "Embed Watch Content";
			runOnlyForDeploymentPostprocessing = 0;
		};
/* End PBXCopyFilesBuildPhase section */

/* Begin PBXFileReference section */
		96A10B7E2E4ECDC1005D1DC3 /* SmartFlow.app */ = {isa = PBXFileReference; explicitFileType = wrapper.application; includeInIndex = 0; path = SmartFlow.app; sourceTree = BUILT_PRODUCTS_DIR; };
		96A10B8B2E4ECDC3005D1DC3 /* SmartFlowTests.xctest */ = {isa = PBXFileReference; explicitFileType = wrapper.cfbundle; includeInIndex = 0; path = SmartFlowTests.xctest; sourceTree = BUILT_PRODUCTS_DIR; };
		96A10B952E4ECDC3005D1DC3 /* SmartFlowUITests.xctest */ = {isa = PBXFileReference; explicitFileType = wrapper.cfbundle; includeInIndex = 0; path = SmartFlowUITests.xctest; sourceTree = BUILT_PRODUCTS_DIR; };
		96A10BBE2E4EEB60005D1DC3 /* SmartFlowWatchApp.app */ = {isa = PBXFileReference; explicitFileType = wrapper.application; includeInIndex = 0; path = SmartFlowWatchApp.app; sourceTree = BUILT_PRODUCTS_DIR; };
		96A10BC32E4EEB60005D1DC3 /* SmartFlowWatchApp Watch App.app */ = {isa = PBXFileReference; explicitFileType = wrapper.application; includeInIndex = 0; path = "SmartFlowWatchApp Watch App.app"; sourceTree = BUILT_PRODUCTS_DIR; };
		96A10BD22E4EEB61005D1DC3 /* SmartFlowWatchApp Watch AppTests.xctest */ = {isa = PBXFileReference; explicitFileType = wrapper.cfbundle; includeInIndex = 0; path = "SmartFlowWatchApp Watch AppTests.xctest"; sourceTree = BUILT_PRODUCTS_DIR; };
		96A10BDC2E4EEB61005D1DC3 /* SmartFlowWatchApp Watch AppUITests.xctest */ = {isa = PBXFileReference; explicitFileType = wrapper.cfbundle; includeInIndex = 0; path = "SmartFlowWatchApp Watch AppUITests.xctest"; sourceTree = BUILT_PRODUCTS_DIR; };
/* End PBXFileReference section */

/* Begin PBXFileSystemSynchronizedBuildFileExceptionSet section */
		96C38B522E5EB9B6000DEEA4 /* Exceptions for "SmartFlow" folder in "SmartFlow" target */ = {
			isa = PBXFileSystemSynchronizedBuildFileExceptionSet;
			membershipExceptions = (
				Info.plist,
			);
			target = 96A10B7D2E4ECDC1005D1DC3 /* SmartFlow */;
		};
/* End PBXFileSystemSynchronizedBuildFileExceptionSet section */

/* Begin PBXFileSystemSynchronizedRootGroup section */
		96A10B802E4ECDC1005D1DC3 /* SmartFlow */ = {
			isa = PBXFileSystemSynchronizedRootGroup;
			exceptions = (
				96C38B522E5EB9B6000DEEA4 /* Exceptions for "SmartFlow" folder in "SmartFlow" target */,
			);
			path = SmartFlow;
			sourceTree = "<group>";
		};
		96A10B8E2E4ECDC3005D1DC3 /* SmartFlowTests */ = {
			isa = PBXFileSystemSynchronizedRootGroup;
			path = SmartFlowTests;
			sourceTree = "<group>";
		};
		96A10BC72E4EEB60005D1DC3 /* SmartFlowWatchApp Watch App */ = {
			isa = PBXFileSystemSynchronizedRootGroup;
			path = "SmartFlowWatchApp Watch App";
			sourceTree = "<group>";
		};
/* End PBXFileSystemSynchronizedRootGroup section */

/* Begin PBXFrameworksBuildPhase section */
		96A10B7B2E4ECDC1005D1DC3 /* Frameworks */ = {
			isa = PBXFrameworksBuildPhase;
			buildActionMask = 2147483647;
			files = (
			);
			runOnlyForDeploymentPostprocessing = 0;
		};
		96A10B882E4ECDC3005D1DC3 /* Frameworks */ = {
			isa = PBXFrameworksBuildPhase;
			buildActionMask = 2147483647;
			files = (
			);
			runOnlyForDeploymentPostprocessing = 0;
		};
		96A10B922E4ECDC3005D1DC3 /* Frameworks */ = {
			isa = PBXFrameworksBuildPhase;
			buildActionMask = 2147483647;
			files = (
			);
			runOnlyForDeploymentPostprocessing = 0;
		};
		96A10BC02E4EEB60005D1DC3 /* Frameworks */ = {
			isa = PBXFrameworksBuildPhase;
			buildActionMask = 2147483647;
			files = (
			);
			runOnlyForDeploymentPostprocessing = 0;
		};
		96A10BCF2E4EEB61005D1DC3 /* Frameworks */ = {
			isa = PBXFrameworksBuildPhase;
			buildActionMask = 2147483647;
			files = (
			);
			runOnlyForDeploymentPostprocessing = 0;
		};
		96A10BD92E4EEB61005D1DC3 /* Frameworks */ = {
			isa = PBXFrameworksBuildPhase;
			buildActionMask = 2147483647;
			files = (
			);
			runOnlyForDeploymentPostprocessing = 0;
		};
/* End PBXFrameworksBuildPhase section */

/* Begin PBXGroup section */
		96A10B752E4ECDC1005D1DC3 = {
			isa = PBXGroup;
			children = (
				96A10B802E4ECDC1005D1DC3 /* SmartFlow */,
				96A10B8E2E4ECDC3005D1DC3 /* SmartFlowTests */,
				96A10BC72E4EEB60005D1DC3 /* SmartFlowWatchApp Watch App */,
				96A10B7F2E4ECDC1005D1DC3 /* Products */,
			);
			sourceTree = "<group>";
		};
		96A10B7F2E4ECDC1005D1DC3 /* Products */ = {
			isa = PBXGroup;
			children = (
				96A10B7E2E4ECDC1005D1DC3 /* SmartFlow.app */,
				96A10B8B2E4ECDC3005D1DC3 /* SmartFlowTests.xctest */,
				96A10B952E4ECDC3005D1DC3 /* SmartFlowUITests.xctest */,
				96A10BBE2E4EEB60005D1DC3 /* SmartFlowWatchApp.app */,
				96A10BC32E4EEB60005D1DC3 /* SmartFlowWatchApp Watch App.app */,
				96A10BD22E4EEB61005D1DC3 /* SmartFlowWatchApp Watch AppTests.xctest */,
				96A10BDC2E4EEB61005D1DC3 /* SmartFlowWatchApp Watch AppUITests.xctest */,
			);
			name = Products;
			sourceTree = "<group>";
		};
/* End PBXGroup section */

/* Begin PBXNativeTarget section */
		96A10B7D2E4ECDC1005D1DC3 /* SmartFlow */ = {
			isa = PBXNativeTarget;
			buildConfigurationList = 96A10B9F2E4ECDC3005D1DC3 /* Build configuration list for PBXNativeTarget "SmartFlow" */;
			buildPhases = (
				96A10B7A2E4ECDC1005D1DC3 /* Sources */,
				96A10B7B2E4ECDC1005D1DC3 /* Frameworks */,
				96A10B7C2E4ECDC1005D1DC3 /* Resources */,
			);
			buildRules = (
			);
			dependencies = (
			);
			fileSystemSynchronizedGroups = (
				96A10B802E4ECDC1005D1DC3 /* SmartFlow */,
			);
			name = SmartFlow;
			packageProductDependencies = (
			);
			productName = SmartFlow;
			productReference = 96A10B7E2E4ECDC1005D1DC3 /* SmartFlow.app */;
			productType = "com.apple.product-type.application";
		};
		96A10B8A2E4ECDC3005D1DC3 /* SmartFlowTests */ = {
			isa = PBXNativeTarget;
			buildConfigurationList = 96A10BA22E4ECDC3005D1DC3 /* Build configuration list for PBXNativeTarget "SmartFlowTests" */;
			buildPhases = (
				96A10B872E4ECDC3005D1DC3 /* Sources */,
				96A10B882E4ECDC3005D1DC3 /* Frameworks */,
				96A10B892E4ECDC3005D1DC3 /* Resources */,
			);
			buildRules = (
			);
			dependencies = (
				96A10B8D2E4ECDC3005D1DC3 /* PBXTargetDependency */,
			);
			fileSystemSynchronizedGroups = (
				96A10B8E2E4ECDC3005D1DC3 /* SmartFlowTests */,
			);
			name = SmartFlowTests;
			packageProductDependencies = (
			);
			productName = SmartFlowTests;
			productReference = 96A10B8B2E4ECDC3005D1DC3 /* SmartFlowTests.xctest */;
			productType = "com.apple.product-type.bundle.unit-test";
		};
		96A10B942E4ECDC3005D1DC3 /* SmartFlowUITests */ = {
			isa = PBXNativeTarget;
			buildConfigurationList = 96A10BA52E4ECDC3005D1DC3 /* Build configuration list for PBXNativeTarget "SmartFlowUITests" */;
			buildPhases = (
				96A10B912E4ECDC3005D1DC3 /* Sources */,
				96A10B922E4ECDC3005D1DC3 /* Frameworks */,
				96A10B932E4ECDC3005D1DC3 /* Resources */,
			);
			buildRules = (
			);
			dependencies = (
				96A10B972E4ECDC3005D1DC3 /* PBXTargetDependency */,
			);
			name = SmartFlowUITests;
			packageProductDependencies = (
			);
			productName = SmartFlowUITests;
			productReference = 96A10B952E4ECDC3005D1DC3 /* SmartFlowUITests.xctest */;
			productType = "com.apple.product-type.bundle.ui-testing";
		};
		96A10BBD2E4EEB60005D1DC3 /* SmartFlowWatchApp */ = {
			isa = PBXNativeTarget;
			buildConfigurationList = 96A10BE82E4EEB61005D1DC3 /* Build configuration list for PBXNativeTarget "SmartFlowWatchApp" */;
			buildPhases = (
				96A10BBC2E4EEB60005D1DC3 /* Resources */,
				96A10BE72E4EEB61005D1DC3 /* Embed Watch Content */,
			);
			buildRules = (
			);
			dependencies = (
				96A10BC62E4EEB60005D1DC3 /* PBXTargetDependency */,
			);
			name = SmartFlowWatchApp;
			packageProductDependencies = (
			);
			productName = SmartFlowWatchApp;
			productReference = 96A10BBE2E4EEB60005D1DC3 /* SmartFlowWatchApp.app */;
			productType = "com.apple.product-type.application.watchapp2-container";
		};
		96A10BC22E4EEB60005D1DC3 /* SmartFlowWatchApp Watch App */ = {
			isa = PBXNativeTarget;
			buildConfigurationList = 96A10BE42E4EEB61005D1DC3 /* Build configuration list for PBXNativeTarget "SmartFlowWatchApp Watch App" */;
			buildPhases = (
				96A10BBF2E4EEB60005D1DC3 /* Sources */,
				96A10BC02E4EEB60005D1DC3 /* Frameworks */,
				96A10BC12E4EEB60005D1DC3 /* Resources */,
			);
			buildRules = (
			);
			dependencies = (
			);
			fileSystemSynchronizedGroups = (
				96A10BC72E4EEB60005D1DC3 /* SmartFlowWatchApp Watch App */,
			);
			name = "SmartFlowWatchApp Watch App";
			packageProductDependencies = (
			);
			productName = "SmartFlowWatchApp Watch App";
			productReference = 96A10BC32E4EEB60005D1DC3 /* SmartFlowWatchApp Watch App.app */;
			productType = "com.apple.product-type.application";
		};
		96A10BD12E4EEB61005D1DC3 /* SmartFlowWatchApp Watch AppTests */ = {
			isa = PBXNativeTarget;
			buildConfigurationList = 96A10BEB2E4EEB61005D1DC3 /* Build configuration list for PBXNativeTarget "SmartFlowWatchApp Watch AppTests" */;
			buildPhases = (
				96A10BCE2E4EEB61005D1DC3 /* Sources */,
				96A10BCF2E4EEB61005D1DC3 /* Frameworks */,
				96A10BD02E4EEB61005D1DC3 /* Resources */,
			);
			buildRules = (
			);
			dependencies = (
				96A10BD42E4EEB61005D1DC3 /* PBXTargetDependency */,
			);
			name = "SmartFlowWatchApp Watch AppTests";
			packageProductDependencies = (
			);
			productName = "SmartFlowWatchApp Watch AppTests";
			productReference = 96A10BD22E4EEB61005D1DC3 /* SmartFlowWatchApp Watch AppTests.xctest */;
			productType = "com.apple.product-type.bundle.unit-test";
		};
		96A10BDB2E4EEB61005D1DC3 /* SmartFlowWatchApp Watch AppUITests */ = {
			isa = PBXNativeTarget;
			buildConfigurationList = 96A10BEE2E4EEB61005D1DC3 /* Build configuration list for PBXNativeTarget "SmartFlowWatchApp Watch AppUITests" */;
			buildPhases = (
				96A10BD82E4EEB61005D1DC3 /* Sources */,
				96A10BD92E4EEB61005D1DC3 /* Frameworks */,
				96A10BDA2E4EEB61005D1DC3 /* Resources */,
			);
			buildRules = (
			);
			dependencies = (
				96A10BDE2E4EEB61005D1DC3 /* PBXTargetDependency */,
			);
			name = "SmartFlowWatchApp Watch AppUITests";
			packageProductDependencies = (
			);
			productName = "SmartFlowWatchApp Watch AppUITests";
			productReference = 96A10BDC2E4EEB61005D1DC3 /* SmartFlowWatchApp Watch AppUITests.xctest */;
			productType = "com.apple.product-type.bundle.ui-testing";
		};
/* End PBXNativeTarget section */

/* Begin PBXProject section */
		96A10B762E4ECDC1005D1DC3 /* Project object */ = {
			isa = PBXProject;
			attributes = {
				BuildIndependentTargetsInParallel = 1;
				LastSwiftUpdateCheck = 1640;
				LastUpgradeCheck = 1640;
				TargetAttributes = {
					96A10B7D2E4ECDC1005D1DC3 = {
						CreatedOnToolsVersion = 16.4;
					};
					96A10B8A2E4ECDC3005D1DC3 = {
						CreatedOnToolsVersion = 16.4;
						TestTargetID = 96A10B7D2E4ECDC1005D1DC3;
					};
					96A10B942E4ECDC3005D1DC3 = {
						CreatedOnToolsVersion = 16.4;
						TestTargetID = 96A10B7D2E4ECDC1005D1DC3;
					};
					96A10BBD2E4EEB60005D1DC3 = {
						CreatedOnToolsVersion = 16.4;
					};
					96A10BC22E4EEB60005D1DC3 = {
						CreatedOnToolsVersion = 16.4;
					};
					96A10BD12E4EEB61005D1DC3 = {
						CreatedOnToolsVersion = 16.4;
						TestTargetID = 96A10BC22E4EEB60005D1DC3;
					};
					96A10BDB2E4EEB61005D1DC3 = {
						CreatedOnToolsVersion = 16.4;
						TestTargetID = 96A10BC22E4EEB60005D1DC3;
					};
				};
			};
			buildConfigurationList = 96A10B792E4ECDC1005D1DC3 /* Build configuration list for PBXProject "SmartFlow" */;
			developmentRegion = en;
			hasScannedForEncodings = 0;
			knownRegions = (
				en,
				Base,
			);
			mainGroup = 96A10B752E4ECDC1005D1DC3;
			minimizedProjectReferenceProxies = 1;
			preferredProjectObjectVersion = 77;
			productRefGroup = 96A10B7F2E4ECDC1005D1DC3 /* Products */;
			projectDirPath = "";
			projectRoot = "";
			targets = (
				96A10B7D2E4ECDC1005D1DC3 /* SmartFlow */,
				96A10B8A2E4ECDC3005D1DC3 /* SmartFlowTests */,
				96A10B942E4ECDC3005D1DC3 /* SmartFlowUITests */,
				96A10BBD2E4EEB60005D1DC3 /* SmartFlowWatchApp */,
				96A10BC22E4EEB60005D1DC3 /* SmartFlowWatchApp Watch App */,
				96A10BD12E4EEB61005D1DC3 /* SmartFlowWatchApp Watch AppTests */,
				96A10BDB2E4EEB61005D1DC3 /* SmartFlowWatchApp Watch AppUITests */,
			);
		};
/* End PBXProject section */

/* Begin PBXResourcesBuildPhase section */
		96A10B7C2E4ECDC1005D1DC3 /* Resources */ = {
			isa = PBXResourcesBuildPhase;
			buildActionMask = 2147483647;
			files = (
			);
			runOnlyForDeploymentPostprocessing = 0;
		};
		96A10B892E4ECDC3005D1DC3 /* Resources */ = {
			isa = PBXResourcesBuildPhase;
			buildActionMask = 2147483647;
			files = (
			);
			runOnlyForDeploymentPostprocessing = 0;
		};
		96A10B932E4ECDC3005D1DC3 /* Resources */ = {
			isa = PBXResourcesBuildPhase;
			buildActionMask = 2147483647;
			files = (
			);
			runOnlyForDeploymentPostprocessing = 0;
		};
		96A10BBC2E4EEB60005D1DC3 /* Resources */ = {
			isa = PBXResourcesBuildPhase;
			buildActionMask = 2147483647;
			files = (
			);
			runOnlyForDeploymentPostprocessing = 0;
		};
		96A10BC12E4EEB60005D1DC3 /* Resources */ = {
			isa = PBXResourcesBuildPhase;
			buildActionMask = 2147483647;
			files = (
			);
			runOnlyForDeploymentPostprocessing = 0;
		};
		96A10BD02E4EEB61005D1DC3 /* Resources */ = {
			isa = PBXResourcesBuildPhase;
			buildActionMask = 2147483647;
			files = (
			);
			runOnlyForDeploymentPostprocessing = 0;
		};
		96A10BDA2E4EEB61005D1DC3 /* Resources */ = {
			isa = PBXResourcesBuildPhase;
			buildActionMask = 2147483647;
			files = (
			);
			runOnlyForDeploymentPostprocessing = 0;
		};
/* End PBXResourcesBuildPhase section */

/* Begin PBXSourcesBuildPhase section */
		96A10B7A2E4ECDC1005D1DC3 /* Sources */ = {
			isa = PBXSourcesBuildPhase;
			buildActionMask = 2147483647;
			files = (
			);
			runOnlyForDeploymentPostprocessing = 0;
		};
		96A10B872E4ECDC3005D1DC3 /* Sources */ = {
			isa = PBXSourcesBuildPhase;
			buildActionMask = 2147483647;
			files = (
			);
			runOnlyForDeploymentPostprocessing = 0;
		};
		96A10B912E4ECDC3005D1DC3 /* Sources */ = {
			isa = PBXSourcesBuildPhase;
			buildActionMask = 2147483647;
			files = (
			);
			runOnlyForDeploymentPostprocessing = 0;
		};
		96A10BBF2E4EEB60005D1DC3 /* Sources */ = {
			isa = PBXSourcesBuildPhase;
			buildActionMask = 2147483647;
			files = (
			);
			runOnlyForDeploymentPostprocessing = 0;
		};
		96A10BCE2E4EEB61005D1DC3 /* Sources */ = {
			isa = PBXSourcesBuildPhase;
			buildActionMask = 2147483647;
			files = (
			);
			runOnlyForDeploymentPostprocessing = 0;
		};
		96A10BD82E4EEB61005D1DC3 /* Sources */ = {
			isa = PBXSourcesBuildPhase;
			buildActionMask = 2147483647;
			files = (
			);
			runOnlyForDeploymentPostprocessing = 0;
		};
/* End PBXSourcesBuildPhase section */

/* Begin PBXTargetDependency section */
		96A10B8D2E4ECDC3005D1DC3 /* PBXTargetDependency */ = {
			isa = PBXTargetDependency;
			target = 96A10B7D2E4ECDC1005D1DC3 /* SmartFlow */;
			targetProxy = 96A10B8C2E4ECDC3005D1DC3 /* PBXContainerItemProxy */;
		};
		96A10B972E4ECDC3005D1DC3 /* PBXTargetDependency */ = {
			isa = PBXTargetDependency;
			target = 96A10B7D2E4ECDC1005D1DC3 /* SmartFlow */;
			targetProxy = 96A10B962E4ECDC3005D1DC3 /* PBXContainerItemProxy */;
		};
		96A10BC62E4EEB60005D1DC3 /* PBXTargetDependency */ = {
			isa = PBXTargetDependency;
			target = 96A10BC22E4EEB60005D1DC3 /* SmartFlowWatchApp Watch App */;
			targetProxy = 96A10BC52E4EEB60005D1DC3 /* PBXContainerItemProxy */;
		};
		96A10BD42E4EEB61005D1DC3 /* PBXTargetDependency */ = {
			isa = PBXTargetDependency;
			target = 96A10BC22E4EEB60005D1DC3 /* SmartFlowWatchApp Watch App */;
			targetProxy = 96A10BD32E4EEB61005D1DC3 /* PBXContainerItemProxy */;
		};
		96A10BDE2E4EEB61005D1DC3 /* PBXTargetDependency */ = {
			isa = PBXTargetDependency;
			target = 96A10BC22E4EEB60005D1DC3 /* SmartFlowWatchApp Watch App */;
			targetProxy = 96A10BDD2E4EEB61005D1DC3 /* PBXContainerItemProxy */;
		};
/* End PBXTargetDependency section */

/* Begin XCBuildConfiguration section */
		96A10B9D2E4ECDC3005D1DC3 /* Debug */ = {
			isa = XCBuildConfiguration;
			buildSettings = {
				ALWAYS_SEARCH_USER_PATHS = NO;
				ASSETCATALOG_COMPILER_GENERATE_SWIFT_ASSET_SYMBOL_EXTENSIONS = YES;
				CLANG_ANALYZER_NONNULL = YES;
				CLANG_ANALYZER_NUMBER_OBJECT_CONVERSION = YES_AGGRESSIVE;
				CLANG_CXX_LANGUAGE_STANDARD = "gnu++20";
				CLANG_ENABLE_MODULES = YES;
				CLANG_ENABLE_OBJC_ARC = YES;
				CLANG_ENABLE_OBJC_WEAK = YES;
				CLANG_WARN_BLOCK_CAPTURE_AUTORELEASING = YES;
				CLANG_WARN_BOOL_CONVERSION = YES;
				CLANG_WARN_COMMA = YES;
				CLANG_WARN_CONSTANT_CONVERSION = YES;
				CLANG_WARN_DEPRECATED_OBJC_IMPLEMENTATIONS = YES;
				CLANG_WARN_DIRECT_OBJC_ISA_USAGE = YES_ERROR;
				CLANG_WARN_DOCUMENTATION_COMMENTS = YES;
				CLANG_WARN_EMPTY_BODY = YES;
				CLANG_WARN_ENUM_CONVERSION = YES;
				CLANG_WARN_INFINITE_RECURSION = YES;
				CLANG_WARN_INT_CONVERSION = YES;
				CLANG_WARN_NON_LITERAL_NULL_CONVERSION = YES;
				CLANG_WARN_OBJC_IMPLICIT_RETAIN_SELF = YES;
				CLANG_WARN_OBJC_LITERAL_CONVERSION = YES;
				CLANG_WARN_OBJC_ROOT_CLASS = YES_ERROR;
				CLANG_WARN_QUOTED_INCLUDE_IN_FRAMEWORK_HEADER = YES;
				CLANG_WARN_RANGE_LOOP_ANALYSIS = YES;
				CLANG_WARN_STRICT_PROTOTYPES = YES;
				CLANG_WARN_SUSPICIOUS_MOVE = YES;
				CLANG_WARN_UNGUARDED_AVAILABILITY = YES_AGGRESSIVE;
				CLANG_WARN_UNREACHABLE_CODE = YES;
				CLANG_WARN__DUPLICATE_METHOD_MATCH = YES;
				COPY_PHASE_STRIP = NO;
				DEBUG_INFORMATION_FORMAT = dwarf;
				DEVELOPMENT_TEAM = B59DS54BDQ;
				ENABLE_STRICT_OBJC_MSGSEND = YES;
				ENABLE_TESTABILITY = YES;
				ENABLE_USER_SCRIPT_SANDBOXING = YES;
				GCC_C_LANGUAGE_STANDARD = gnu17;
				GCC_DYNAMIC_NO_PIC = NO;
				GCC_NO_COMMON_BLOCKS = YES;
				GCC_OPTIMIZATION_LEVEL = 0;
				GCC_PREPROCESSOR_DEFINITIONS = (
					"DEBUG=1",
					"$(inherited)",
				);
				GCC_WARN_64_TO_32_BIT_CONVERSION = YES;
				GCC_WARN_ABOUT_RETURN_TYPE = YES_ERROR;
				GCC_WARN_UNDECLARED_SELECTOR = YES;
				GCC_WARN_UNINITIALIZED_AUTOS = YES_AGGRESSIVE;
				GCC_WARN_UNUSED_FUNCTION = YES;
				GCC_WARN_UNUSED_VARIABLE = YES;
				IPHONEOS_DEPLOYMENT_TARGET = 18.5;
				LOCALIZATION_PREFERS_STRING_CATALOGS = YES;
				MTL_ENABLE_DEBUG_INFO = INCLUDE_SOURCE;
				MTL_FAST_MATH = YES;
				ONLY_ACTIVE_ARCH = YES;
				SDKROOT = iphoneos;
				SWIFT_ACTIVE_COMPILATION_CONDITIONS = "DEBUG $(inherited)";
				SWIFT_OPTIMIZATION_LEVEL = "-Onone";
			};
			name = Debug;
		};
		96A10B9E2E4ECDC3005D1DC3 /* Release */ = {
			isa = XCBuildConfiguration;
			buildSettings = {
				ALWAYS_SEARCH_USER_PATHS = NO;
				ASSETCATALOG_COMPILER_GENERATE_SWIFT_ASSET_SYMBOL_EXTENSIONS = YES;
				CLANG_ANALYZER_NONNULL = YES;
				CLANG_ANALYZER_NUMBER_OBJECT_CONVERSION = YES_AGGRESSIVE;
				CLANG_CXX_LANGUAGE_STANDARD = "gnu++20";
				CLANG_ENABLE_MODULES = YES;
				CLANG_ENABLE_OBJC_ARC = YES;
				CLANG_ENABLE_OBJC_WEAK = YES;
				CLANG_WARN_BLOCK_CAPTURE_AUTORELEASING = YES;
				CLANG_WARN_BOOL_CONVERSION = YES;
				CLANG_WARN_COMMA = YES;
				CLANG_WARN_CONSTANT_CONVERSION = YES;
				CLANG_WARN_DEPRECATED_OBJC_IMPLEMENTATIONS = YES;
				CLANG_WARN_DIRECT_OBJC_ISA_USAGE = YES_ERROR;
				CLANG_WARN_DOCUMENTATION_COMMENTS = YES;
				CLANG_WARN_EMPTY_BODY = YES;
				CLANG_WARN_ENUM_CONVERSION = YES;
				CLANG_WARN_INFINITE_RECURSION = YES;
				CLANG_WARN_INT_CONVERSION = YES;
				CLANG_WARN_NON_LITERAL_NULL_CONVERSION = YES;
				CLANG_WARN_OBJC_IMPLICIT_RETAIN_SELF = YES;
				CLANG_WARN_OBJC_LITERAL_CONVERSION = YES;
				CLANG_WARN_OBJC_ROOT_CLASS = YES_ERROR;
				CLANG_WARN_QUOTED_INCLUDE_IN_FRAMEWORK_HEADER = YES;
				CLANG_WARN_RANGE_LOOP_ANALYSIS = YES;
				CLANG_WARN_STRICT_PROTOTYPES = YES;
				CLANG_WARN_SUSPICIOUS_MOVE = YES;
				CLANG_WARN_UNGUARDED_AVAILABILITY = YES_AGGRESSIVE;
				CLANG_WARN_UNREACHABLE_CODE = YES;
				CLANG_WARN__DUPLICATE_METHOD_MATCH = YES;
				COPY_PHASE_STRIP = NO;
				DEBUG_INFORMATION_FORMAT = "dwarf-with-dsym";
				DEVELOPMENT_TEAM = B59DS54BDQ;
				ENABLE_NS_ASSERTIONS = NO;
				ENABLE_STRICT_OBJC_MSGSEND = YES;
				ENABLE_USER_SCRIPT_SANDBOXING = YES;
				GCC_C_LANGUAGE_STANDARD = gnu17;
				GCC_NO_COMMON_BLOCKS = YES;
				GCC_WARN_64_TO_32_BIT_CONVERSION = YES;
				GCC_WARN_ABOUT_RETURN_TYPE = YES_ERROR;
				GCC_WARN_UNDECLARED_SELECTOR = YES;
				GCC_WARN_UNINITIALIZED_AUTOS = YES_AGGRESSIVE;
				GCC_WARN_UNUSED_FUNCTION = YES;
				GCC_WARN_UNUSED_VARIABLE = YES;
				IPHONEOS_DEPLOYMENT_TARGET = 18.5;
				LOCALIZATION_PREFERS_STRING_CATALOGS = YES;
				MTL_ENABLE_DEBUG_INFO = NO;
				MTL_FAST_MATH = YES;
				SDKROOT = iphoneos;
				SWIFT_COMPILATION_MODE = wholemodule;
				VALIDATE_PRODUCT = YES;
			};
			name = Release;
		};
		96A10BA02E4ECDC3005D1DC3 /* Debug */ = {
			isa = XCBuildConfiguration;
			buildSettings = {
				ASSETCATALOG_COMPILER_APPICON_NAME = AppIcon;
				ASSETCATALOG_COMPILER_GLOBAL_ACCENT_COLOR_NAME = AccentColor;
				CODE_SIGN_STYLE = Automatic;
				CURRENT_PROJECT_VERSION = 1;
				DEVELOPMENT_TEAM = B59DS54BDQ;
				ENABLE_PREVIEWS = YES;
				GENERATE_INFOPLIST_FILE = YES;
				INFOPLIST_FILE = SmartFlow/Info.plist;
				INFOPLIST_KEY_UIApplicationSceneManifest_Generation = YES;
				INFOPLIST_KEY_UIApplicationSupportsIndirectInputEvents = YES;
				INFOPLIST_KEY_UILaunchScreen_Generation = YES;
				INFOPLIST_KEY_UISupportedInterfaceOrientations_iPad = "UIInterfaceOrientationPortrait UIInterfaceOrientationPortraitUpsideDown UIInterfaceOrientationLandscapeLeft UIInterfaceOrientationLandscapeRight";
				INFOPLIST_KEY_UISupportedInterfaceOrientations_iPhone = "UIInterfaceOrientationPortrait UIInterfaceOrientationLandscapeLeft UIInterfaceOrientationLandscapeRight";
				LD_RUNPATH_SEARCH_PATHS = (
					"$(inherited)",
					"@executable_path/Frameworks",
				);
				MARKETING_VERSION = 1.0;
				PRODUCT_BUNDLE_IDENTIFIER = com.Robledas.SmartFlow;
				PRODUCT_NAME = "$(TARGET_NAME)";
				SWIFT_EMIT_LOC_STRINGS = YES;
				SWIFT_VERSION = 5.0;
				TARGETED_DEVICE_FAMILY = "1,2";
			};
			name = Debug;
		};
		96A10BA12E4ECDC3005D1DC3 /* Release */ = {
			isa = XCBuildConfiguration;
			buildSettings = {
				ASSETCATALOG_COMPILER_APPICON_NAME = AppIcon;
				ASSETCATALOG_COMPILER_GLOBAL_ACCENT_COLOR_NAME = AccentColor;
				CODE_SIGN_STYLE = Automatic;
				CURRENT_PROJECT_VERSION = 1;
				DEVELOPMENT_TEAM = B59DS54BDQ;
				ENABLE_PREVIEWS = YES;
				GENERATE_INFOPLIST_FILE = YES;
				INFOPLIST_FILE = SmartFlow/Info.plist;
				INFOPLIST_KEY_UIApplicationSceneManifest_Generation = YES;
				INFOPLIST_KEY_UIApplicationSupportsIndirectInputEvents = YES;
				INFOPLIST_KEY_UILaunchScreen_Generation = YES;
				INFOPLIST_KEY_UISupportedInterfaceOrientations_iPad = "UIInterfaceOrientationPortrait UIInterfaceOrientationPortraitUpsideDown UIInterfaceOrientationLandscapeLeft UIInterfaceOrientationLandscapeRight";
				INFOPLIST_KEY_UISupportedInterfaceOrientations_iPhone = "UIInterfaceOrientationPortrait UIInterfaceOrientationLandscapeLeft UIInterfaceOrientationLandscapeRight";
				LD_RUNPATH_SEARCH_PATHS = (
					"$(inherited)",
					"@executable_path/Frameworks",
				);
				MARKETING_VERSION = 1.0;
				PRODUCT_BUNDLE_IDENTIFIER = com.Robledas.SmartFlow;
				PRODUCT_NAME = "$(TARGET_NAME)";
				SWIFT_EMIT_LOC_STRINGS = YES;
				SWIFT_VERSION = 5.0;
				TARGETED_DEVICE_FAMILY = "1,2";
			};
			name = Release;
		};
		96A10BA32E4ECDC3005D1DC3 /* Debug */ = {
			isa = XCBuildConfiguration;
			buildSettings = {
				BUNDLE_LOADER = "$(TEST_HOST)";
				CODE_SIGN_STYLE = Automatic;
				CURRENT_PROJECT_VERSION = 1;
				DEVELOPMENT_TEAM = B59DS54BDQ;
				GENERATE_INFOPLIST_FILE = YES;
				IPHONEOS_DEPLOYMENT_TARGET = 18.5;
				MARKETING_VERSION = 1.0;
				PRODUCT_BUNDLE_IDENTIFIER = com.Robledas.SmartFlowTests;
				PRODUCT_NAME = "$(TARGET_NAME)";
				SWIFT_EMIT_LOC_STRINGS = NO;
				SWIFT_VERSION = 5.0;
				TARGETED_DEVICE_FAMILY = "1,2";
				TEST_HOST = "$(BUILT_PRODUCTS_DIR)/SmartFlow.app/$(BUNDLE_EXECUTABLE_FOLDER_PATH)/SmartFlow";
			};
			name = Debug;
		};
		96A10BA42E4ECDC3005D1DC3 /* Release */ = {
			isa = XCBuildConfiguration;
			buildSettings = {
				BUNDLE_LOADER = "$(TEST_HOST)";
				CODE_SIGN_STYLE = Automatic;
				CURRENT_PROJECT_VERSION = 1;
				DEVELOPMENT_TEAM = B59DS54BDQ;
				GENERATE_INFOPLIST_FILE = YES;
				IPHONEOS_DEPLOYMENT_TARGET = 18.5;
				MARKETING_VERSION = 1.0;
				PRODUCT_BUNDLE_IDENTIFIER = com.Robledas.SmartFlowTests;
				PRODUCT_NAME = "$(TARGET_NAME)";
				SWIFT_EMIT_LOC_STRINGS = NO;
				SWIFT_VERSION = 5.0;
				TARGETED_DEVICE_FAMILY = "1,2";
				TEST_HOST = "$(BUILT_PRODUCTS_DIR)/SmartFlow.app/$(BUNDLE_EXECUTABLE_FOLDER_PATH)/SmartFlow";
			};
			name = Release;
		};
		96A10BA62E4ECDC3005D1DC3 /* Debug */ = {
			isa = XCBuildConfiguration;
			buildSettings = {
				CODE_SIGN_STYLE = Automatic;
				CURRENT_PROJECT_VERSION = 1;
				DEVELOPMENT_TEAM = B59DS54BDQ;
				GENERATE_INFOPLIST_FILE = YES;
				MARKETING_VERSION = 1.0;
				PRODUCT_BUNDLE_IDENTIFIER = com.Robledas.SmartFlowUITests;
				PRODUCT_NAME = "$(TARGET_NAME)";
				SWIFT_EMIT_LOC_STRINGS = NO;
				SWIFT_VERSION = 5.0;
				TARGETED_DEVICE_FAMILY = "1,2";
				TEST_TARGET_NAME = SmartFlow;
			};
			name = Debug;
		};
		96A10BA72E4ECDC3005D1DC3 /* Release */ = {
			isa = XCBuildConfiguration;
			buildSettings = {
				CODE_SIGN_STYLE = Automatic;
				CURRENT_PROJECT_VERSION = 1;
				DEVELOPMENT_TEAM = B59DS54BDQ;
				GENERATE_INFOPLIST_FILE = YES;
				MARKETING_VERSION = 1.0;
				PRODUCT_BUNDLE_IDENTIFIER = com.Robledas.SmartFlowUITests;
				PRODUCT_NAME = "$(TARGET_NAME)";
				SWIFT_EMIT_LOC_STRINGS = NO;
				SWIFT_VERSION = 5.0;
				TARGETED_DEVICE_FAMILY = "1,2";
				TEST_TARGET_NAME = SmartFlow;
			};
			name = Release;
		};
		96A10BE52E4EEB61005D1DC3 /* Debug */ = {
			isa = XCBuildConfiguration;
			buildSettings = {
				ASSETCATALOG_COMPILER_APPICON_NAME = AppIcon;
				ASSETCATALOG_COMPILER_GLOBAL_ACCENT_COLOR_NAME = AccentColor;
				CODE_SIGN_STYLE = Automatic;
				CURRENT_PROJECT_VERSION = 1;
				DEVELOPMENT_TEAM = B59DS54BDQ;
				ENABLE_PREVIEWS = YES;
				GENERATE_INFOPLIST_FILE = YES;
				INFOPLIST_KEY_CFBundleDisplayName = SmartFlowWatchApp;
				INFOPLIST_KEY_UISupportedInterfaceOrientations = "UIInterfaceOrientationPortrait UIInterfaceOrientationPortraitUpsideDown";
				INFOPLIST_KEY_WKWatchOnly = YES;
				LD_RUNPATH_SEARCH_PATHS = (
					"$(inherited)",
					"@executable_path/Frameworks",
				);
				MARKETING_VERSION = 1.0;
				PRODUCT_BUNDLE_IDENTIFIER = com.Robledas.SmartFlowWatchApp.watchkitapp;
				PRODUCT_NAME = "$(TARGET_NAME)";
				SDKROOT = watchos;
				SKIP_INSTALL = YES;
				SWIFT_EMIT_LOC_STRINGS = YES;
				SWIFT_VERSION = 5.0;
				TARGETED_DEVICE_FAMILY = 4;
				WATCHOS_DEPLOYMENT_TARGET = 11;
			};
			name = Debug;
		};
		96A10BE62E4EEB61005D1DC3 /* Release */ = {
			isa = XCBuildConfiguration;
			buildSettings = {
				ASSETCATALOG_COMPILER_APPICON_NAME = AppIcon;
				ASSETCATALOG_COMPILER_GLOBAL_ACCENT_COLOR_NAME = AccentColor;
				CODE_SIGN_STYLE = Automatic;
				CURRENT_PROJECT_VERSION = 1;
				DEVELOPMENT_TEAM = B59DS54BDQ;
				ENABLE_PREVIEWS = YES;
				GENERATE_INFOPLIST_FILE = YES;
				INFOPLIST_KEY_CFBundleDisplayName = SmartFlowWatchApp;
				INFOPLIST_KEY_UISupportedInterfaceOrientations = "UIInterfaceOrientationPortrait UIInterfaceOrientationPortraitUpsideDown";
				INFOPLIST_KEY_WKWatchOnly = YES;
				LD_RUNPATH_SEARCH_PATHS = (
					"$(inherited)",
					"@executable_path/Frameworks",
				);
				MARKETING_VERSION = 1.0;
				PRODUCT_BUNDLE_IDENTIFIER = com.Robledas.SmartFlowWatchApp.watchkitapp;
				PRODUCT_NAME = "$(TARGET_NAME)";
				SDKROOT = watchos;
				SKIP_INSTALL = YES;
				SWIFT_EMIT_LOC_STRINGS = YES;
				SWIFT_VERSION = 5.0;
				TARGETED_DEVICE_FAMILY = 4;
				WATCHOS_DEPLOYMENT_TARGET = 11;
			};
			name = Release;
		};
		96A10BE92E4EEB61005D1DC3 /* Debug */ = {
			isa = XCBuildConfiguration;
			buildSettings = {
				CODE_SIGN_STYLE = Automatic;
				CURRENT_PROJECT_VERSION = 1;
				DEVELOPMENT_TEAM = B59DS54BDQ;
				INFOPLIST_KEY_CFBundleDisplayName = SmartFlowWatchApp;
				MARKETING_VERSION = 1.0;
				PRODUCT_BUNDLE_IDENTIFIER = com.Robledas.SmartFlowWatchApp;
				PRODUCT_NAME = "$(TARGET_NAME)";
				SWIFT_VERSION = 5.0;
			};
			name = Debug;
		};
		96A10BEA2E4EEB61005D1DC3 /* Release */ = {
			isa = XCBuildConfiguration;
			buildSettings = {
				CODE_SIGN_STYLE = Automatic;
				CURRENT_PROJECT_VERSION = 1;
				DEVELOPMENT_TEAM = B59DS54BDQ;
				INFOPLIST_KEY_CFBundleDisplayName = SmartFlowWatchApp;
				MARKETING_VERSION = 1.0;
				PRODUCT_BUNDLE_IDENTIFIER = com.Robledas.SmartFlowWatchApp;
				PRODUCT_NAME = "$(TARGET_NAME)";
				SWIFT_VERSION = 5.0;
			};
			name = Release;
		};
		96A10BEC2E4EEB61005D1DC3 /* Debug */ = {
			isa = XCBuildConfiguration;
			buildSettings = {
				BUNDLE_LOADER = "$(TEST_HOST)";
				CODE_SIGN_STYLE = Automatic;
				CURRENT_PROJECT_VERSION = 1;
				DEVELOPMENT_TEAM = B59DS54BDQ;
				GENERATE_INFOPLIST_FILE = YES;
				MARKETING_VERSION = 1.0;
				PRODUCT_BUNDLE_IDENTIFIER = "com.Robledas.SmartFlowWatchApp-Watch-AppTests";
				PRODUCT_NAME = "$(TARGET_NAME)";
				SDKROOT = watchos;
				SWIFT_EMIT_LOC_STRINGS = NO;
				SWIFT_VERSION = 5.0;
				TARGETED_DEVICE_FAMILY = 4;
				TEST_HOST = "$(BUILT_PRODUCTS_DIR)/SmartFlowWatchApp Watch App.app/$(BUNDLE_EXECUTABLE_FOLDER_PATH)/SmartFlowWatchApp Watch App";
				WATCHOS_DEPLOYMENT_TARGET = 11;
			};
			name = Debug;
		};
		96A10BED2E4EEB61005D1DC3 /* Release */ = {
			isa = XCBuildConfiguration;
			buildSettings = {
				BUNDLE_LOADER = "$(TEST_HOST)";
				CODE_SIGN_STYLE = Automatic;
				CURRENT_PROJECT_VERSION = 1;
				DEVELOPMENT_TEAM = B59DS54BDQ;
				GENERATE_INFOPLIST_FILE = YES;
				MARKETING_VERSION = 1.0;
				PRODUCT_BUNDLE_IDENTIFIER = "com.Robledas.SmartFlowWatchApp-Watch-AppTests";
				PRODUCT_NAME = "$(TARGET_NAME)";
				SDKROOT = watchos;
				SWIFT_EMIT_LOC_STRINGS = NO;
				SWIFT_VERSION = 5.0;
				TARGETED_DEVICE_FAMILY = 4;
				TEST_HOST = "$(BUILT_PRODUCTS_DIR)/SmartFlowWatchApp Watch App.app/$(BUNDLE_EXECUTABLE_FOLDER_PATH)/SmartFlowWatchApp Watch App";
				WATCHOS_DEPLOYMENT_TARGET = 11;
			};
			name = Release;
		};
		96A10BEF2E4EEB61005D1DC3 /* Debug */ = {
			isa = XCBuildConfiguration;
			buildSettings = {
				CODE_SIGN_STYLE = Automatic;
				CURRENT_PROJECT_VERSION = 1;
				DEVELOPMENT_TEAM = B59DS54BDQ;
				GENERATE_INFOPLIST_FILE = YES;
				MARKETING_VERSION = 1.0;
				PRODUCT_BUNDLE_IDENTIFIER = "com.Robledas.SmartFlowWatchApp-Watch-AppUITests";
				PRODUCT_NAME = "$(TARGET_NAME)";
				SDKROOT = watchos;
				SWIFT_EMIT_LOC_STRINGS = NO;
				SWIFT_VERSION = 5.0;
				TARGETED_DEVICE_FAMILY = 4;
				TEST_TARGET_NAME = "SmartFlowWatchApp Watch App";
				WATCHOS_DEPLOYMENT_TARGET = 11.5;
			};
			name = Debug;
		};
		96A10BF02E4EEB61005D1DC3 /* Release */ = {
			isa = XCBuildConfiguration;
			buildSettings = {
				CODE_SIGN_STYLE = Automatic;
				CURRENT_PROJECT_VERSION = 1;
				DEVELOPMENT_TEAM = B59DS54BDQ;
				GENERATE_INFOPLIST_FILE = YES;
				MARKETING_VERSION = 1.0;
				PRODUCT_BUNDLE_IDENTIFIER = "com.Robledas.SmartFlowWatchApp-Watch-AppUITests";
				PRODUCT_NAME = "$(TARGET_NAME)";
				SDKROOT = watchos;
				SWIFT_EMIT_LOC_STRINGS = NO;
				SWIFT_VERSION = 5.0;
				TARGETED_DEVICE_FAMILY = 4;
				TEST_TARGET_NAME = "SmartFlowWatchApp Watch App";
				WATCHOS_DEPLOYMENT_TARGET = 11.5;
			};
			name = Release;
		};
/* End XCBuildConfiguration section */

/* Begin XCConfigurationList section */
		96A10B792E4ECDC1005D1DC3 /* Build configuration list for PBXProject "SmartFlow" */ = {
			isa = XCConfigurationList;
			buildConfigurations = (
				96A10B9D2E4ECDC3005D1DC3 /* Debug */,
				96A10B9E2E4ECDC3005D1DC3 /* Release */,
			);
			defaultConfigurationIsVisible = 0;
			defaultConfigurationName = Release;
		};
		96A10B9F2E4ECDC3005D1DC3 /* Build configuration list for PBXNativeTarget "SmartFlow" */ = {
			isa = XCConfigurationList;
			buildConfigurations = (
				96A10BA02E4ECDC3005D1DC3 /* Debug */,
				96A10BA12E4ECDC3005D1DC3 /* Release */,
			);
			defaultConfigurationIsVisible = 0;
			defaultConfigurationName = Release;
		};
		96A10BA22E4ECDC3005D1DC3 /* Build configuration list for PBXNativeTarget "SmartFlowTests" */ = {
			isa = XCConfigurationList;
			buildConfigurations = (
				96A10BA32E4ECDC3005D1DC3 /* Debug */,
				96A10BA42E4ECDC3005D1DC3 /* Release */,
			);
			defaultConfigurationIsVisible = 0;
			defaultConfigurationName = Release;
		};
		96A10BA52E4ECDC3005D1DC3 /* Build configuration list for PBXNativeTarget "SmartFlowUITests" */ = {
			isa = XCConfigurationList;
			buildConfigurations = (
				96A10BA62E4ECDC3005D1DC3 /* Debug */,
				96A10BA72E4ECDC3005D1DC3 /* Release */,
			);
			defaultConfigurationIsVisible = 0;
			defaultConfigurationName = Release;
		};
		96A10BE42E4EEB61005D1DC3 /* Build configuration list for PBXNativeTarget "SmartFlowWatchApp Watch App" */ = {
			isa = XCConfigurationList;
			buildConfigurations = (
				96A10BE52E4EEB61005D1DC3 /* Debug */,
				96A10BE62E4EEB61005D1DC3 /* Release */,
			);
			defaultConfigurationIsVisible = 0;
			defaultConfigurationName = Release;
		};
		96A10BE82E4EEB61005D1DC3 /* Build configuration list for PBXNativeTarget "SmartFlowWatchApp" */ = {
			isa = XCConfigurationList;
			buildConfigurations = (
				96A10BE92E4EEB61005D1DC3 /* Debug */,
				96A10BEA2E4EEB61005D1DC3 /* Release */,
			);
			defaultConfigurationIsVisible = 0;
			defaultConfigurationName = Release;
		};
		96A10BEB2E4EEB61005D1DC3 /* Build configuration list for PBXNativeTarget "SmartFlowWatchApp Watch AppTests" */ = {
			isa = XCConfigurationList;
			buildConfigurations = (
				96A10BEC2E4EEB61005D1DC3 /* Debug */,
				96A10BED2E4EEB61005D1DC3 /* Release */,
			);
			defaultConfigurationIsVisible = 0;
			defaultConfigurationName = Release;
		};
		96A10BEE2E4EEB61005D1DC3 /* Build configuration list for PBXNativeTarget "SmartFlowWatchApp Watch AppUITests" */ = {
			isa = XCConfigurationList;
			buildConfigurations = (
				96A10BEF2E4EEB61005D1DC3 /* Debug */,
				96A10BF02E4EEB61005D1DC3 /* Release */,
			);
			defaultConfigurationIsVisible = 0;
			defaultConfigurationName = Release;
		};
/* End XCConfigurationList section */
	};
	rootObject = 96A10B762E4ECDC1005D1DC3 /* Project object */;
}
